
Microsoft Visual Studio Solution File, Format Version 12.00
# Visual Studio 15
VisualStudioVersion = 15.0.27004.2009
MinimumVisualStudioVersion = 10.0.40219.1
Project("{FAE04EC0-301F-11D3-BF4B-00C04F79EFBC}") = "GroupOperationsLibrary.Tests", "GroupOperationsLibrary.Tests\GroupOperationsLibrary.Tests.csproj", "{047917FF-061B-4B3B-9E90-CD708EC1DE0A}"
EndProject
Project("{FAE04EC0-301F-11D3-BF4B-00C04F79EFBC}") = "GroupOperationsLibrary", "GroupOperationsLibrary\GroupOperationsLibrary.csproj", "{54034799-69A3-4737-B343-CAB5FC33F3A0}"
EndProject
Global
	GlobalSection(SolutionConfigurationPlatforms) = preSolution
		Debug|Any CPU = Debug|Any CPU
		Release|Any CPU = Release|Any CPU
	EndGlobalSection
	GlobalSection(ProjectConfigurationPlatforms) = postSolution
		{047917FF-061B-4B3B-9E90-CD708EC1DE0A}.Debug|Any CPU.ActiveCfg = Debug|Any CPU
		{047917FF-061B-4B3B-9E90-CD708EC1DE0A}.Debug|Any CPU.Build.0 = Debug|Any CPU
		{047917FF-061B-4B3B-9E90-CD708EC1DE0A}.Release|Any CPU.ActiveCfg = Release|Any CPU
		{047917FF-061B-4B3B-9E90-CD708EC1DE0A}.Release|Any CPU.Build.0 = Release|Any CPU
		{54034799-69A3-4737-B343-CAB5FC33F3A0}.Debug|Any CPU.ActiveCfg = Debug|Any CPU
		{54034799-69A3-4737-B343-CAB5FC33F3A0}.Debug|Any CPU.Build.0 = Debug|Any CPU
		{54034799-69A3-4737-B343-CAB5FC33F3A0}.Release|Any CPU.ActiveCfg = Release|Any CPU
		{54034799-69A3-4737-B343-CAB5FC33F3A0}.Release|Any CPU.Build.0 = Release|Any CPU
	EndGlobalSection
	GlobalSection(SolutionProperties) = preSolution
		HideSolutionNode = FALSE
	EndGlobalSection
	GlobalSection(ExtensibilityGlobals) = postSolution
		SolutionGuid = {61AA8EB2-F1C1-4825-94F7-E18E342D5E69}
	EndGlobalSection
EndGlobal
